
Microsoft Visual Studio Solution File, Format Version 12.00
# Visual Studio Version 16
VisualStudioVersion = 16.0.34729.46
MinimumVisualStudioVersion = 10.0.40219.1
Project("{8BC9CEB8-8B4A-11D0-8D11-00A0C91BC942}") = "ScreenDestroyer", "ScreenDestroyer\ScreenDestroyer.vcxproj", "{102BEEC6-20CA-4C45-A3BC-E93D5853B74D}"
EndProject
Global
	GlobalSection(SolutionConfigurationPlatforms) = preSolution
		Debug|x64 = Debug|x64
		Debug|x86 = Debug|x86
		Release|x64 = Release|x64
		Release|x86 = Release|x86
	EndGlobalSection
	GlobalSection(ProjectConfigurationPlatforms) = postSolution
		{102BEEC6-20CA-4C45-A3BC-E93D5853B74D}.Debug|x64.ActiveCfg = Debug|x64
		{102BEEC6-20CA-4C45-A3BC-E93D5853B74D}.Debug|x64.Build.0 = Debug|x64
		{102BEEC6-20CA-4C45-A3BC-E93D5853B74D}.Debug|x86.ActiveCfg = Debug|Win32
		{102BEEC6-20CA-4C45-A3BC-E93D5853B74D}.Debug|x86.Build.0 = Debug|Win32
		{102BEEC6-20CA-4C45-A3BC-E93D5853B74D}.Release|x64.ActiveCfg = Release|x64
		{102BEEC6-20CA-4C45-A3BC-E93D5853B74D}.Release|x64.Build.0 = Release|x64
		{102BEEC6-20CA-4C45-A3BC-E93D5853B74D}.Release|x86.ActiveCfg = Release|Win32
		{102BEEC6-20CA-4C45-A3BC-E93D5853B74D}.Release|x86.Build.0 = Release|Win32
	EndGlobalSection
	GlobalSection(SolutionProperties) = preSolution
		HideSolutionNode = FALSE
	EndGlobalSection
	GlobalSection(ExtensibilityGlobals) = postSolution
		SolutionGuid = {DD157D6C-8483-4509-B519-D4616F7B1C2A}
	EndGlobalSection
EndGlobal
